Microsoft Visual Studio Solution File, Format Version 12.00
# Visual Studio Version 17
VisualStudioVersion = 17.0.31903.59
MinimumVisualStudioVersion = 10.0.40219.1
Project("{FAE04EC0-301F-11D3-BF4B-00C04F79EFBC}") = "PhotoBooth", "PhotoBooth\PhotoBooth.csproj", "{8AE4E4E5-54BD-4C4F-86F9-8A5D86E86847}"
EndProject
Project("{FAE04EC0-301F-11D3-BF4B-00C04F79EFBC}") = "PhotoBooth.Linux", "PhotoBooth.Linux\PhotoBooth.Linux.csproj", "{39D1E8C9-6E73-4E5D-B7D6-D729D850BCF4}"
EndProject
Global
	GlobalSection(SolutionConfigurationPlatforms) = preSolution
		Debug|Any CPU = Debug|Any CPU
		Release|Any CPU = Release|Any CPU
	EndGlobalSection
	GlobalSection(ProjectConfigurationPlatforms) = postSolution
		{8AE4E4E5-54BD-4C4F-86F9-8A5D86E86847}.Debug|Any CPU.ActiveCfg = Debug|Any CPU
		{8AE4E4E5-54BD-4C4F-86F9-8A5D86E86847}.Debug|Any CPU.Build.0 = Debug|Any CPU
		{8AE4E4E5-54BD-4C4F-86F9-8A5D86E86847}.Release|Any CPU.ActiveCfg = Release|Any CPU
		{8AE4E4E5-54BD-4C4F-86F9-8A5D86E86847}.Release|Any CPU.Build.0 = Release|Any CPU
		{39D1E8C9-6E73-4E5D-B7D6-D729D850BCF4}.Debug|Any CPU.ActiveCfg = Debug|Any CPU
		{39D1E8C9-6E73-4E5D-B7D6-D729D850BCF4}.Debug|Any CPU.Build.0 = Debug|Any CPU
		{39D1E8C9-6E73-4E5D-B7D6-D729D850BCF4}.Release|Any CPU.ActiveCfg = Release|Any CPU
		{39D1E8C9-6E73-4E5D-B7D6-D729D850BCF4}.Release|Any CPU.Build.0 = Release|Any CPU
	EndGlobalSection
	GlobalSection(SolutionProperties) = preSolution
		HideSolutionNode = FALSE
	EndGlobalSection
EndGlobal
